// !$*UTF8*$!
{
	archiveVersion = 1;
	classes = {
	};
	objectVersion = 48;
	objects = {

/* Begin PBXBuildFile section */
		18756E922032D1D600827C52 /* AppDelegate.swift in Sources */ = {isa = PBXBuildFile; fileRef = 18756E912032D1D600827C52 /* AppDelegate.swift */; };
		18756E942032D1D600827C52 /* ViewController.swift in Sources */ = {isa = PBXBuildFile; fileRef = 18756E932032D1D600827C52 /* ViewController.swift */; };
		18756E972032D1D600827C52 /* Main.storyboard in Resources */ = {isa = PBXBuildFile; fileRef = 18756E952032D1D600827C52 /* Main.storyboard */; };
		18756E992032D1D600827C52 /* Assets.xcassets in Resources */ = {isa = PBXBuildFile; fileRef = 18756E982032D1D600827C52 /* Assets.xcassets */; };
		18756E9C2032D1D600827C52 /* LaunchScreen.storyboard in Resources */ = {isa = PBXBuildFile; fileRef = 18756E9A2032D1D600827C52 /* LaunchScreen.storyboard */; };
		18756EA72032D1D600827C52 /* TodoAppTests.swift in Sources */ = {isa = PBXBuildFile; fileRef = 18756EA62032D1D600827C52 /* TodoAppTests.swift */; };
		18756EB22032D1D600827C52 /* TodoAppUITests.swift in Sources */ = {isa = PBXBuildFile; fileRef = 18756EB12032D1D600827C52 /* TodoAppUITests.swift */; };
		18756EC02032D98000827C52 /* TodoViewController.swift in Sources */ = {isa = PBXBuildFile; fileRef = 18756EBF2032D98000827C52 /* TodoViewController.swift */; };
/* End PBXBuildFile section */

/* Begin PBXContainerItemProxy section */
		18756EA32032D1D600827C52 /* PBXContainerItemProxy */ = {
			isa = PBXContainerItemProxy;
			containerPortal = 18756E862032D1D600827C52 /* Project object */;
			proxyType = 1;
			remoteGlobalIDString = 18756E8D2032D1D600827C52;
			remoteInfo = TodoApp;
		};
		18756EAE2032D1D600827C52 /* PBXContainerItemProxy */ = {
			isa = PBXContainerItemProxy;
			containerPortal = 18756E862032D1D600827C52 /* Project object */;
			proxyType = 1;
			remoteGlobalIDString = 18756E8D2032D1D600827C52;
			remoteInfo = TodoApp;
		};
/* End PBXContainerItemProxy section */

/* Begin PBXFileReference section */
		18756E8E2032D1D600827C52 /* TodoApp.app */ = {isa = PBXFileReference; explicitFileType = wrapper.application; includeInIndex = 0; path = TodoApp.app; sourceTree = BUILT_PRODUCTS_DIR; };
		18756E912032D1D600827C52 /* AppDelegate.swift */ = {isa = PBXFileReference; lastKnownFileType = sourcecode.swift; path = AppDelegate.swift; sourceTree = "<group>"; };
		18756E932032D1D600827C52 /* ViewController.swift */ = {isa = PBXFileReference; lastKnownFileType = sourcecode.swift; path = ViewController.swift; sourceTree = "<group>"; };
		18756E962032D1D600827C52 /* Base */ = {isa = PBXFileReference; lastKnownFileType = file.storyboard; name = Base; path = Base.lproj/Main.storyboard; sourceTree = "<group>"; };
		18756E982032D1D600827C52 /* Assets.xcassets */ = {isa = PBXFileReference; lastKnownFileType = folder.assetcatalog; path = Assets.xcassets; sourceTree = "<group>"; };
		18756E9B2032D1D600827C52 /* Base */ = {isa = PBXFileReference; lastKnownFileType = file.storyboard; name = Base; path = Base.lproj/LaunchScreen.storyboard; sourceTree = "<group>"; };
		18756E9D2032D1D600827C52 /* Info.plist */ = {isa = PBXFileReference; lastKnownFileType = text.plist.xml; path = Info.plist; sourceTree = "<group>"; };
		18756EA22032D1D600827C52 /* TodoAppTests.xctest */ = {isa = PBXFileReference; explicitFileType = wrapper.cfbundle; includeInIndex = 0; path = TodoAppTests.xctest; sourceTree = BUILT_PRODUCTS_DIR; };
		18756EA62032D1D600827C52 /* TodoAppTests.swift */ = {isa = PBXFileReference; lastKnownFileType = sourcecode.swift; path = TodoAppTests.swift; sourceTree = "<group>"; };
		18756EA82032D1D600827C52 /* Info.plist */ = {isa = PBXFileReference; lastKnownFileType = text.plist.xml; path = Info.plist; sourceTree = "<group>"; };
		18756EAD2032D1D600827C52 /* TodoAppUITests.xctest */ = {isa = PBXFileReference; explicitFileType = wrapper.cfbundle; includeInIndex = 0; path = TodoAppUITests.xctest; sourceTree = BUILT_PRODUCTS_DIR; };
		18756EB12032D1D600827C52 /* TodoAppUITests.swift */ = {isa = PBXFileReference; lastKnownFileType = sourcecode.swift; path = TodoAppUITests.swift; sourceTree = "<group>"; };
		18756EB32032D1D600827C52 /* Info.plist */ = {isa = PBXFileReference; lastKnownFileType = text.plist.xml; path = Info.plist; sourceTree = "<group>"; };
		18756EBF2032D98000827C52 /* TodoViewController.swift */ = {isa = PBXFileReference; lastKnownFileType = sourcecode.swift; path = TodoViewController.swift; sourceTree = "<group>"; };
/* End PBXFileReference section */

/* Begin PBXFrameworksBuildPhase section */
		18756E8B2032D1D600827C52 /* Frameworks */ = {
			isa = PBXFrameworksBuildPhase;
			buildActionMask = 2147483647;
			files = (
			);
			runOnlyForDeploymentPostprocessing = 0;
		};
		18756E9F2032D1D600827C52 /* Frameworks */ = {
			isa = PBXFrameworksBuildPhase;
			buildActionMask = 2147483647;
			files = (
			);
			runOnlyForDeploymentPostprocessing = 0;
		};
		18756EAA2032D1D600827C52 /* Frameworks */ = {
			isa = PBXFrameworksBuildPhase;
			buildActionMask = 2147483647;
			files = (
			);
			runOnlyForDeploymentPostprocessing = 0;
		};
/* End PBXFrameworksBuildPhase section */

/* Begin PBXGroup section */
		18756E852032D1D600827C52 = {
			isa = PBXGroup;
			children = (
				18756E902032D1D600827C52 /* TodoApp */,
				18756EA52032D1D600827C52 /* TodoAppTests */,
				18756EB02032D1D600827C52 /* TodoAppUITests */,
				18756E8F2032D1D600827C52 /* Products */,
			);
			sourceTree = "<group>";
		};
		18756E8F2032D1D600827C52 /* Products */ = {
			isa = PBXGroup;
			children = (
				18756E8E2032D1D600827C52 /* TodoApp.app */,
				18756EA22032D1D600827C52 /* TodoAppTests.xctest */,
				18756EAD2032D1D600827C52 /* TodoAppUITests.xctest */,
			);
			name = Products;
			sourceTree = "<group>";
		};
		18756E902032D1D600827C52 /* TodoApp */ = {
			isa = PBXGroup;
			children = (
				18756E912032D1D600827C52 /* AppDelegate.swift */,
				18756E932032D1D600827C52 /* ViewController.swift */,
				18756E952032D1D600827C52 /* Main.storyboard */,
				18756E982032D1D600827C52 /* Assets.xcassets */,
				18756E9A2032D1D600827C52 /* LaunchScreen.storyboard */,
				18756E9D2032D1D600827C52 /* Info.plist */,
				18756EBF2032D98000827C52 /* TodoViewController.swift */,
			);
			path = TodoApp;
			sourceTree = "<group>";
		};
		18756EA52032D1D600827C52 /* TodoAppTests */ = {
			isa = PBXGroup;
			children = (
				18756EA62032D1D600827C52 /* TodoAppTests.swift */,
				18756EA82032D1D600827C52 /* Info.plist */,
			);
			path = TodoAppTests;
			sourceTree = "<group>";
		};
		18756EB02032D1D600827C52 /* TodoAppUITests */ = {
			isa = PBXGroup;
			children = (
				18756EB12032D1D600827C52 /* TodoAppUITests.swift */,
				18756EB32032D1D600827C52 /* Info.plist */,
			);
			path = TodoAppUITests;
			sourceTree = "<group>";
		};
/* End PBXGroup section */

/* Begin PBXNativeTarget section */
		18756E8D2032D1D600827C52 /* TodoApp */ = {
			isa = PBXNativeTarget;
			buildConfigurationList = 18756EB62032D1D600827C52 /* Build configuration list for PBXNativeTarget "TodoApp" */;
			buildPhases = (
				18756E8A2032D1D600827C52 /* Sources */,
				18756E8B2032D1D600827C52 /* Frameworks */,
				18756E8C2032D1D600827C52 /* Resources */,
			);
			buildRules = (
			);
			dependencies = (
			);
			name = TodoApp;
			productName = TodoApp;
			productReference = 18756E8E2032D1D600827C52 /* TodoApp.app */;
			productType = "com.apple.product-type.application";
		};
		18756EA12032D1D600827C52 /* TodoAppTests */ = {
			isa = PBXNativeTarget;
			buildConfigurationList = 18756EB92032D1D600827C52 /* Build configuration list for PBXNativeTarget "TodoAppTests" */;
			buildPhases = (
				18756E9E2032D1D600827C52 /* Sources */,
				18756E9F2032D1D600827C52 /* Frameworks */,
				18756EA02032D1D600827C52 /* Resources */,
			);
			buildRules = (
			);
			dependencies = (
				18756EA42032D1D600827C52 /* PBXTargetDependency */,
			);
			name = TodoAppTests;
			productName = TodoAppTests;
			productReference = 18756EA22032D1D600827C52 /* TodoAppTests.xctest */;
			productType = "com.apple.product-type.bundle.unit-test";
		};
		18756EAC2032D1D600827C52 /* TodoAppUITests */ = {
			isa = PBXNativeTarget;
			buildConfigurationList = 18756EBC2032D1D600827C52 /* Build configuration list for PBXNativeTarget "TodoAppUITests" */;
			buildPhases = (
				18756EA92032D1D600827C52 /* Sources */,
				18756EAA2032D1D600827C52 /* Frameworks */,
				18756EAB2032D1D600827C52 /* Resources */,
			);
			buildRules = (
			);
			dependencies = (
				18756EAF2032D1D600827C52 /* PBXTargetDependency */,
			);
			name = TodoAppUITests;
			productName = TodoAppUITests;
			productReference = 18756EAD2032D1D600827C52 /* TodoAppUITests.xctest */;
			productType = "com.apple.product-type.bundle.ui-testing";
		};
/* End PBXNativeTarget section */

/* Begin PBXProject section */
		18756E862032D1D600827C52 /* Project object */ = {
			isa = PBXProject;
			attributes = {
				LastSwiftUpdateCheck = 0920;
				LastUpgradeCheck = 0920;
				ORGANIZATIONNAME = SAKU;
				TargetAttributes = {
					18756E8D2032D1D600827C52 = {
						CreatedOnToolsVersion = 9.2;
						ProvisioningStyle = Automatic;
					};
					18756EA12032D1D600827C52 = {
						CreatedOnToolsVersion = 9.2;
						ProvisioningStyle = Automatic;
						TestTargetID = 18756E8D2032D1D600827C52;
					};
					18756EAC2032D1D600827C52 = {
						CreatedOnToolsVersion = 9.2;
						ProvisioningStyle = Automatic;
						TestTargetID = 18756E8D2032D1D600827C52;
					};
				};
			};
			buildConfigurationList = 18756E892032D1D600827C52 /* Build configuration list for PBXProject "TodoApp" */;
			compatibilityVersion = "Xcode 8.0";
			developmentRegion = en;
			hasScannedForEncodings = 0;
			knownRegions = (
				en,
				Base,
			);
			mainGroup = 18756E852032D1D600827C52;
			productRefGroup = 18756E8F2032D1D600827C52 /* Products */;
			projectDirPath = "";
			projectRoot = "";
			targets = (
				18756E8D2032D1D600827C52 /* TodoApp */,
				18756EA12032D1D600827C52 /* TodoAppTests */,
				18756EAC2032D1D600827C52 /* TodoAppUITests */,
			);
		};
/* End PBXProject section */

/* Begin PBXResourcesBuildPhase section */
		18756E8C2032D1D600827C52 /* Resources */ = {
			isa = PBXResourcesBuildPhase;
			buildActionMask = 2147483647;
			files = (
				18756E9C2032D1D600827C52 /* LaunchScreen.storyboard in Resources */,
				18756E992032D1D600827C52 /* Assets.xcassets in Resources */,
				18756E972032D1D600827C52 /* Main.storyboard in Resources */,
			);
			runOnlyForDeploymentPostprocessing = 0;
		};
		18756EA02032D1D600827C52 /* Resources */ = {
			isa = PBXResourcesBuildPhase;
			buildActionMask = 2147483647;
			files = (
			);
			runOnlyForDeploymentPostprocessing = 0;
		};
		18756EAB2032D1D600827C52 /* Resources */ = {
			isa = PBXResourcesBuildPhase;
			buildActionMask = 2147483647;
			files = (
			);
			runOnlyForDeploymentPostprocessing = 0;
		};
/* End PBXResourcesBuildPhase section */

/* Begin PBXSourcesBuildPhase section */
		18756E8A2032D1D600827C52 /* Sources */ = {
			isa = PBXSourcesBuildPhase;
			buildActionMask = 2147483647;
			files = (
				18756E942032D1D600827C52 /* ViewController.swift in Sources */,
				18756EC02032D98000827C52 /* TodoViewController.swift in Sources */,
				18756E922032D1D600827C52 /* AppDelegate.swift in Sources */,
			);
			runOnlyForDeploymentPostprocessing = 0;
		};
		18756E9E2032D1D600827C52 /* Sources */ = {
			isa = PBXSourcesBuildPhase;
			buildActionMask = 2147483647;
			files = (
				18756EA72032D1D600827C52 /* TodoAppTests.swift in Sources */,
			);
			runOnlyForDeploymentPostprocessing = 0;
		};
		18756EA92032D1D600827C52 /* Sources */ = {
			isa = PBXSourcesBuildPhase;
			buildActionMask = 2147483647;
			files = (
				18756EB22032D1D600827C52 /* TodoAppUITests.swift in Sources */,
			);
			runOnlyForDeploymentPostprocessing = 0;
		};
/* End PBXSourcesBuildPhase section */

/* Begin PBXTargetDependency section */
		18756EA42032D1D600827C52 /* PBXTargetDependency */ = {
			isa = PBXTargetDependency;
			target = 18756E8D2032D1D600827C52 /* TodoApp */;
			targetProxy = 18756EA32032D1D600827C52 /* PBXContainerItemProxy */;
		};
		18756EAF2032D1D600827C52 /* PBXTargetDependency */ = {
			isa = PBXTargetDependency;
			target = 18756E8D2032D1D600827C52 /* TodoApp */;
			targetProxy = 18756EAE2032D1D600827C52 /* PBXContainerItemProxy */;
		};
/* End PBXTargetDependency section */

/* Begin PBXVariantGroup section */
		18756E952032D1D600827C52 /* Main.storyboard */ = {
			isa = PBXVariantGroup;
			children = (
				18756E962032D1D600827C52 /* Base */,
			);
			name = Main.storyboard;
			sourceTree = "<group>";
		};
		18756E9A2032D1D600827C52 /* LaunchScreen.storyboard */ = {
			isa = PBXVariantGroup;
			children = (
				18756E9B2032D1D600827C52 /* Base */,
			);
			name = LaunchScreen.storyboard;
			sourceTree = "<group>";
		};
/* End PBXVariantGroup section */

/* Begin XCBuildConfiguration section */
		18756EB42032D1D600827C52 /* Debug */ = {
			isa = XCBuildConfiguration;
			buildSettings = {
				ALWAYS_SEARCH_USER_PATHS = NO;
				CLANG_ANALYZER_NONNULL = YES;
				CLANG_ANALYZER_NUMBER_OBJECT_CONVERSION = YES_AGGRESSIVE;
				CLANG_CXX_LANGUAGE_STANDARD = "gnu++14";
				CLANG_CXX_LIBRARY = "libc++";
				CLANG_ENABLE_MODULES = YES;
				CLANG_ENABLE_OBJC_ARC = YES;
				CLANG_WARN_BLOCK_CAPTURE_AUTORELEASING = YES;
				CLANG_WARN_BOOL_CONVERSION = YES;
				CLANG_WARN_COMMA = YES;
				CLANG_WARN_CONSTANT_CONVERSION = YES;
				CLANG_WARN_DIRECT_OBJC_ISA_USAGE = YES_ERROR;
				CLANG_WARN_DOCUMENTATION_COMMENTS = YES;
				CLANG_WARN_EMPTY_BODY = YES;
				CLANG_WARN_ENUM_CONVERSION = YES;
				CLANG_WARN_INFINITE_RECURSION = YES;
				CLANG_WARN_INT_CONVERSION = YES;
				CLANG_WARN_NON_LITERAL_NULL_CONVERSION = YES;
				CLANG_WARN_OBJC_LITERAL_CONVERSION = YES;
				CLANG_WARN_OBJC_ROOT_CLASS = YES_ERROR;
				CLANG_WARN_RANGE_LOOP_ANALYSIS = YES;
				CLANG_WARN_STRICT_PROTOTYPES = YES;
				CLANG_WARN_SUSPICIOUS_MOVE = YES;
				CLANG_WARN_UNGUARDED_AVAILABILITY = YES_AGGRESSIVE;
				CLANG_WARN_UNREACHABLE_CODE = YES;
				CLANG_WARN__DUPLICATE_METHOD_MATCH = YES;
				CODE_SIGN_IDENTITY = "iPhone Developer";
				COPY_PHASE_STRIP = NO;
				DEBUG_INFORMATION_FORMAT = dwarf;
				ENABLE_STRICT_OBJC_MSGSEND = YES;
				ENABLE_TESTABILITY = YES;
				GCC_C_LANGUAGE_STANDARD = gnu11;
				GCC_DYNAMIC_NO_PIC = NO;
				GCC_NO_COMMON_BLOCKS = YES;
				GCC_OPTIMIZATION_LEVEL = 0;
				GCC_PREPROCESSOR_DEFINITIONS = (
					"DEBUG=1",
					"$(inherited)",
				);
				GCC_WARN_64_TO_32_BIT_CONVERSION = YES;
				GCC_WARN_ABOUT_RETURN_TYPE = YES_ERROR;
				GCC_WARN_UNDECLARED_SELECTOR = YES;
				GCC_WARN_UNINITIALIZED_AUTOS = YES_AGGRESSIVE;
				GCC_WARN_UNUSED_FUNCTION = YES;
				GCC_WARN_UNUSED_VARIABLE = YES;
				IPHONEOS_DEPLOYMENT_TARGET = 11.2;
				MTL_ENABLE_DEBUG_INFO = YES;
				ONLY_ACTIVE_ARCH = YES;
				SDKROOT = iphoneos;
				SWIFT_ACTIVE_COMPILATION_CONDITIONS = DEBUG;
				SWIFT_OPTIMIZATION_LEVEL = "-Onone";
			};
			name = Debug;
		};
		18756EB52032D1D600827C52 /* Release */ = {
			isa = XCBuildConfiguration;
			buildSettings = {
				ALWAYS_SEARCH_USER_PATHS = NO;
				CLANG_ANALYZER_NONNULL = YES;
				CLANG_ANALYZER_NUMBER_OBJECT_CONVERSION = YES_AGGRESSIVE;
				CLANG_CXX_LANGUAGE_STANDARD = "gnu++14";
				CLANG_CXX_LIBRARY = "libc++";
				CLANG_ENABLE_MODULES = YES;
				CLANG_ENABLE_OBJC_ARC = YES;
				CLANG_WARN_BLOCK_CAPTURE_AUTORELEASING = YES;
				CLANG_WARN_BOOL_CONVERSION = YES;
				CLANG_WARN_COMMA = YES;
				CLANG_WARN_CONSTANT_CONVERSION = YES;
				CLANG_WARN_DIRECT_OBJC_ISA_USAGE = YES_ERROR;
				CLANG_WARN_DOCUMENTATION_COMMENTS = YES;
				CLANG_WARN_EMPTY_BODY = YES;
				CLANG_WARN_ENUM_CONVERSION = YES;
				CLANG_WARN_INFINITE_RECURSION = YES;
				CLANG_WARN_INT_CONVERSION = YES;
				CLANG_WARN_NON_LITERAL_NULL_CONVERSION = YES;
				CLANG_WARN_OBJC_LITERAL_CONVERSION = YES;
				CLANG_WARN_OBJC_ROOT_CLASS = YES_ERROR;
				CLANG_WARN_RANGE_LOOP_ANALYSIS = YES;
				CLANG_WARN_STRICT_PROTOTYPES = YES;
				CLANG_WARN_SUSPICIOUS_MOVE = YES;
				CLANG_WARN_UNGUARDED_AVAILABILITY = YES_AGGRESSIVE;
				CLANG_WARN_UNREACHABLE_CODE = YES;
				CLANG_WARN__DUPLICATE_METHOD_MATCH = YES;
				CODE_SIGN_IDENTITY = "iPhone Developer";
				COPY_PHASE_STRIP = NO;
				DEBUG_INFORMATION_FORMAT = "dwarf-with-dsym";
				ENABLE_NS_ASSERTIONS = NO;
				ENABLE_STRICT_OBJC_MSGSEND = YES;
				GCC_C_LANGUAGE_STANDARD = gnu11;
				GCC_NO_COMMON_BLOCKS = YES;
				GCC_WARN_64_TO_32_BIT_CONVERSION = YES;
				GCC_WARN_ABOUT_RETURN_TYPE = YES_ERROR;
				GCC_WARN_UNDECLARED_SELECTOR = YES;
				GCC_WARN_UNINITIALIZED_AUTOS = YES_AGGRESSIVE;
				GCC_WARN_UNUSED_FUNCTION = YES;
				GCC_WARN_UNUSED_VARIABLE = YES;
				IPHONEOS_DEPLOYMENT_TARGET = 11.2;
				MTL_ENABLE_DEBUG_INFO = NO;
				SDKROOT = iphoneos;
				SWIFT_OPTIMIZATION_LEVEL = "-Owholemodule";
				VALIDATE_PRODUCT = YES;
			};
			name = Release;
		};
		18756EB72032D1D600827C52 /* Debug */ = {
			isa = XCBuildConfiguration;
			buildSettings = {
				ASSETCATALOG_COMPILER_APPICON_NAME = AppIcon;
				CODE_SIGN_STYLE = Automatic;
				INFOPLIST_FILE = TodoApp/Info.plist;
				LD_RUNPATH_SEARCH_PATHS = "$(inherited) @executable_path/Frameworks";
				PRODUCT_BUNDLE_IDENTIFIER = com.litech.TodoApp;
				PRODUCT_NAME = "$(TARGET_NAME)";
				SWIFT_VERSION = 4.0;
				TARGETED_DEVICE_FAMILY = "1,2";
			};
			name = Debug;
		};
		18756EB82032D1D600827C52 /* Release */ = {
			isa = XCBuildConfiguration;
			buildSettings = {
				ASSETCATALOG_COMPILER_APPICON_NAME = AppIcon;
				CODE_SIGN_STYLE = Automatic;
				INFOPLIST_FILE = TodoApp/Info.plist;
				LD_RUNPATH_SEARCH_PATHS = "$(inherited) @executable_path/Frameworks";
				PRODUCT_BUNDLE_IDENTIFIER = com.litech.TodoApp;
				PRODUCT_NAME = "$(TARGET_NAME)";
				SWIFT_VERSION = 4.0;
				TARGETED_DEVICE_FAMILY = "1,2";
			};
			name = Release;
		};
		18756EBA2032D1D600827C52 /* Debug */ = {
			isa = XCBuildConfiguration;
			buildSettings = {
				ALWAYS_EMBED_SWIFT_STANDARD_LIBRARIES = YES;
				BUNDLE_LOADER = "$(TEST_HOST)";
				CODE_SIGN_STYLE = Automatic;
				INFOPLIST_FILE = TodoAppTests/Info.plist;
				LD_RUNPATH_SEARCH_PATHS = "$(inherited) @executable_path/Frameworks @loader_path/Frameworks";
				PRODUCT_BUNDLE_IDENTIFIER = com.litech.TodoAppTests;
				PRODUCT_NAME = "$(TARGET_NAME)";
				SWIFT_VERSION = 4.0;
				TARGETED_DEVICE_FAMILY = "1,2";
				TEST_HOST = "$(BUILT_PRODUCTS_DIR)/TodoApp.app/TodoApp";
			};
			name = Debug;
		};
		18756EBB2032D1D600827C52 /* Release */ = {
			isa = XCBuildConfiguration;
			buildSettings = {
				ALWAYS_EMBED_SWIFT_STANDARD_LIBRARIES = YES;
				BUNDLE_LOADER = "$(TEST_HOST)";
				CODE_SIGN_STYLE = Automatic;
				INFOPLIST_FILE = TodoAppTests/Info.plist;
				LD_RUNPATH_SEARCH_PATHS = "$(inherited) @executable_path/Frameworks @loader_path/Frameworks";
				PRODUCT_BUNDLE_IDENTIFIER = com.litech.TodoAppTests;
				PRODUCT_NAME = "$(TARGET_NAME)";
				SWIFT_VERSION = 4.0;
				TARGETED_DEVICE_FAMILY = "1,2";
				TEST_HOST = "$(BUILT_PRODUCTS_DIR)/TodoApp.app/TodoApp";
			};
			name = Release;
		};
		18756EBD2032D1D600827C52 /* Debug */ = {
			isa = XCBuildConfiguration;
			buildSettings = {
				ALWAYS_EMBED_SWIFT_STANDARD_LIBRARIES = YES;
				CODE_SIGN_STYLE = Automatic;
				INFOPLIST_FILE = TodoAppUITests/Info.plist;
				LD_RUNPATH_SEARCH_PATHS = "$(inherited) @executable_path/Frameworks @loader_path/Frameworks";
				PRODUCT_BUNDLE_IDENTIFIER = com.litech.TodoAppUITests;
				PRODUCT_NAME = "$(TARGET_NAME)";
				SWIFT_VERSION = 4.0;
				TARGETED_DEVICE_FAMILY = "1,2";
				TEST_TARGET_NAME = TodoApp;
			};
			name = Debug;
		};
		18756EBE2032D1D600827C52 /* Release */ = {
			isa = XCBuildConfiguration;
			buildSettings = {
				ALWAYS_EMBED_SWIFT_STANDARD_LIBRARIES = YES;
				CODE_SIGN_STYLE = Automatic;
				INFOPLIST_FILE = TodoAppUITests/Info.plist;
				LD_RUNPATH_SEARCH_PATHS = "$(inherited) @executable_path/Frameworks @loader_path/Frameworks";
				PRODUCT_BUNDLE_IDENTIFIER = com.litech.TodoAppUITests;
				PRODUCT_NAME = "$(TARGET_NAME)";
				SWIFT_VERSION = 4.0;
				TARGETED_DEVICE_FAMILY = "1,2";
				TEST_TARGET_NAME = TodoApp;
			};
			name = Release;
		};
/* End XCBuildConfiguration section */

/* Begin XCConfigurationList section */
		18756E892032D1D600827C52 /* Build configuration list for PBXProject "TodoApp" */ = {
			isa = XCConfigurationList;
			buildConfigurations = (
				18756EB42032D1D600827C52 /* Debug */,
				18756EB52032D1D600827C52 /* Release */,
			);
			defaultConfigurationIsVisible = 0;
			defaultConfigurationName = Release;
		};
		18756EB62032D1D600827C52 /* Build configuration list for PBXNativeTarget "TodoApp" */ = {
			isa = XCConfigurationList;
			buildConfigurations = (
				18756EB72032D1D600827C52 /* Debug */,
				18756EB82032D1D600827C52 /* Release */,
			);
			defaultConfigurationIsVisible = 0;
			defaultConfigurationName = Release;
		};
		18756EB92032D1D600827C52 /* Build configuration list for PBXNativeTarget "TodoAppTests" */ = {
			isa = XCConfigurationList;
			buildConfigurations = (
				18756EBA2032D1D600827C52 /* Debug */,
				18756EBB2032D1D600827C52 /* Release */,
			);
			defaultConfigurationIsVisible = 0;
			defaultConfigurationName = Release;
		};
		18756EBC2032D1D600827C52 /* Build configuration list for PBXNativeTarget "TodoAppUITests" */ = {
			isa = XCConfigurationList;
			buildConfigurations = (
				18756EBD2032D1D600827C52 /* Debug */,
				18756EBE2032D1D600827C52 /* Release */,
			);
			defaultConfigurationIsVisible = 0;
			defaultConfigurationName = Release;
		};
/* End XCConfigurationList section */
	};
	rootObject = 18756E862032D1D600827C52 /* Project object */;
}
